
Microsoft Visual Studio Solution File, Format Version 12.00
# Visual Studio Version 16
VisualStudioVersion = 16.0.28803.352
MinimumVisualStudioVersion = 10.0.40219.1
Project("{FAE04EC0-301F-11D3-BF4B-00C04F79EFBC}") = "WebApp", "WebApp\WebApp.csproj", "{F5B71069-A90F-4099-9964-49BBA9BAF722}"
EndProject
Project("{FAE04EC0-301F-11D3-BF4B-00C04F79EFBC}") = "WebApp.Tests", "WebApp.Tests\WebApp.Tests.csproj", "{3D1F20D2-F5C6-4EAA-B28D-2F0A1068AB43}"
EndProject
Global
	GlobalSection(SolutionConfigurationPlatforms) = preSolution
		Debug|Any CPU = Debug|Any CPU
		Release|Any CPU = Release|Any CPU
	EndGlobalSection
	GlobalSection(ProjectConfigurationPlatforms) = postSolution
		{F5B71069-A90F-4099-9964-49BBA9BAF722}.Debug|Any CPU.ActiveCfg = Debug|Any CPU
		{F5B71069-A90F-4099-9964-49BBA9BAF722}.Debug|Any CPU.Build.0 = Debug|Any CPU
		{F5B71069-A90F-4099-9964-49BBA9BAF722}.Release|Any CPU.ActiveCfg = Release|Any CPU
		{F5B71069-A90F-4099-9964-49BBA9BAF722}.Release|Any CPU.Build.0 = Release|Any CPU
		{3D1F20D2-F5C6-4EAA-B28D-2F0A1068AB43}.Debug|Any CPU.ActiveCfg = Debug|Any CPU
		{3D1F20D2-F5C6-4EAA-B28D-2F0A1068AB43}.Debug|Any CPU.Build.0 = Debug|Any CPU
		{3D1F20D2-F5C6-4EAA-B28D-2F0A1068AB43}.Release|Any CPU.ActiveCfg = Release|Any CPU
		{3D1F20D2-F5C6-4EAA-B28D-2F0A1068AB43}.Release|Any CPU.Build.0 = Release|Any CPU
	EndGlobalSection
	GlobalSection(SolutionProperties) = preSolution
		HideSolutionNode = FALSE
	EndGlobalSection
	GlobalSection(ExtensibilityGlobals) = postSolution
		SolutionGuid = {AF12867F-8989-4367-BA0B-E02E29217EEE}
	EndGlobalSection
EndGlobal
